PODS:
  - AFNetworkActivityLogger (3.0.0):
    - AFNetworking/NSURLSession (~> 3.0)
  - AFNetworking (3.1.0):
    - AFNetworking/NSURLSession (= 3.1.0)
    - AFNetworking/Reachability (= 3.1.0)
    - AFNetworking/Security (= 3.1.0)
    - AFNetworking/Serialization (= 3.1.0)
    - AFNetworking/UIKit (= 3.1.0)
  - AFNetworking/NSURLSession (3.1.0):
    - AFNetworking/Reachability
    - AFNetworking/Security
    - AFNetworking/Serialization
  - AFNetworking/Reachability (3.1.0)
  - AFNetworking/Security (3.1.0)
  - AFNetworking/Serialization (3.1.0)
  - AFNetworking/UIKit (3.1.0):
    - AFNetworking/NSURLSession
  - FBNotifications (1.0.1)
  - GoogleAnalytics (3.17.0)
  - GoogleTagManager (3.15.2):
    - GoogleAnalytics (= 3.17.0)

DEPENDENCIES:
  - AFNetworkActivityLogger (from `https://github.com/AFNetworking/AFNetworkActivityLogger.git`, branch `3_0_0`)
  - AFNetworking (~> 3.0)
  - FBNotifications
  - GoogleTagManager (~> 3.15.0)

EXTERNAL SOURCES:
  AFNetworkActivityLogger:
    :branch: '3_0_0'
    :git: https://github.com/AFNetworking/AFNetworkActivityLogger.git

CHECKOUT OPTIONS:
  AFNetworkActivityLogger:
    :commit: abc565fe804f210dfda3b028c9a64e7c32e44600
    :git: https://github.com/AFNetworking/AFNetworkActivityLogger.git

SPEC CHECKSUMS:
  AFNetworkActivityLogger: e77f68d014becb33c4306a23f56a64906ff72670
  AFNetworking: 5e0e199f73d8626b11e79750991f5d173d1f8b67
  FBNotifications: 3f1a9e43ffa2979a685eec29c960ca6a15c70be9
  GoogleAnalytics: f42cc53a87a51fe94334821868d9c8481ff47a7b
  GoogleTagManager: 43b61f634e42e4b9566ab41e9fd6aa0f6adf47a5

PODFILE CHECKSUM: 3162a10e4aeafb203520b90ced0e40d91f8fcfeb

COCOAPODS: 1.1.1
